
Microsoft Visual Studio Solution File, Format Version 11.00
# Visual Studio 2010
Project("{FAE04EC0-301F-11D3-BF4B-00C04F79EFBC}") = "Bio.Framework.Packets", "Bio.Framework\Packets\Bio.Framework.Packets.csproj", "{8777B6C1-3185-428C-9549-13FB86259786}"
EndProject
Project("{FAE04EC0-301F-11D3-BF4B-00C04F79EFBC}") = "Bio.Framework.Server.Types", "Bio.Framework\Server\Types\Bio.Framework.Server.Types.csproj", "{430F3A39-DF87-4C63-8682-C399F9222634}"
EndProject
Project("{FAE04EC0-301F-11D3-BF4B-00C04F79EFBC}") = "Bio.Framework.Server.JStore", "Bio.Framework\Server\JStore\Bio.Framework.Server.JStore.csproj", "{3C9DF0E8-DE0C-44D5-B453-B936CEC306EB}"
EndProject
Project("{FAE04EC0-301F-11D3-BF4B-00C04F79EFBC}") = "Bio.Framework.Server.HttpHndlr", "Bio.Framework\Server\HttpHndlr\Bio.Framework.Server.HttpHndlr.csproj", "{9353D3DA-5D34-44D8-8994-FE82E64E0517}"
EndProject
Project("{FAE04EC0-301F-11D3-BF4B-00C04F79EFBC}") = "Bio.Framework.Server.LongOp", "Bio.Framework\Server\LongOp\Bio.Framework.Server.LongOp.csproj", "{9696C3BB-995A-4F7B-8C23-FB40CECCD08A}"
EndProject
Project("{2150E333-8FDC-42A3-9474-1A3956D46DE8}") = "hndlrs", "hndlrs", "{16D8846D-50CD-4FA1-8BF1-5A016670A941}"
EndProject
Project("{FAE04EC0-301F-11D3-BF4B-00C04F79EFBC}") = "Bio.Framework.Server.Handler.DStore", "Bio.Framework\Server\hndlrs\DStore\Bio.Framework.Server.Handler.DStore.csproj", "{62F35705-9CB5-46C2-97CE-69084EA8C1B0}"
EndProject
Project("{FAE04EC0-301F-11D3-BF4B-00C04F79EFBC}") = "Bio.Framework.Server.Handler.Tree", "Bio.Framework\Server\hndlrs\Tree\Bio.Framework.Server.Handler.Tree.csproj", "{830A0136-3718-411F-A569-5F6A9F47E2B7}"
EndProject
Project("{FAE04EC0-301F-11D3-BF4B-00C04F79EFBC}") = "Bio.Framework.Server.Handler.LongOp", "Bio.Framework\Server\hndlrs\LongOp\Bio.Framework.Server.Handler.LongOp.csproj", "{744B8CA4-F3D2-47CF-BDFB-999D350FF16B}"
EndProject
Project("{FAE04EC0-301F-11D3-BF4B-00C04F79EFBC}") = "Bio.Framework.Server.Handler.Pipe", "Bio.Framework\Server\hndlrs\Pipe\Bio.Framework.Server.Handler.Pipe.csproj", "{17E84FAA-9D11-4DF6-A896-91F31C02DD4E}"
EndProject
Project("{FAE04EC0-301F-11D3-BF4B-00C04F79EFBC}") = "Bio.Framework.Server.Handler.Rpt", "Bio.Framework\Server\hndlrs\Rpt\Bio.Framework.Server.Handler.Rpt.csproj", "{E7AA1240-8C4C-4AFF-BA6F-7AC536945FB0}"
EndProject
Project("{FAE04EC0-301F-11D3-BF4B-00C04F79EFBC}") = "Bio.Framework.Server.Handler.SQLR", "Bio.Framework\Server\hndlrs\SQLR\Bio.Framework.Server.Handler.SQLR.csproj", "{22B82460-9D41-420F-A1F2-FC544205AFCE}"
EndProject
Project("{FAE04EC0-301F-11D3-BF4B-00C04F79EFBC}") = "Bio.Framework.Server.Handler.Template", "Bio.Framework\Server\hndlrs\Template\Bio.Framework.Server.Handler.Template.csproj", "{9853805B-3012-46D8-A75D-61DB8A1856C7}"
EndProject
Project("{FAE04EC0-301F-11D3-BF4B-00C04F79EFBC}") = "Bio.Framework.Server.Handler.WebDB", "Bio.Framework\Server\hndlrs\WebDB\Bio.Framework.Server.Handler.WebDB.csproj", "{A8F6D3FC-7A93-496A-BD06-A1B9789E83F9}"
EndProject
Project("{2150E333-8FDC-42A3-9474-1A3956D46DE8}") = "Bio.Helpers", "Bio.Helpers", "{92DCDCAB-D6E1-4D90-A9BA-3149E385CFD6}"
EndProject
Project("{FAE04EC0-301F-11D3-BF4B-00C04F79EFBC}") = "Bio.Helpers.Common", "Bio.Helpers\Bio.Common\Bio.Helpers.Common.csproj", "{177BFF45-E55C-4BC3-BCA9-7E0A5725969C}"
EndProject
Project("{FAE04EC0-301F-11D3-BF4B-00C04F79EFBC}") = "Bio.Helpers.DOA", "Bio.Helpers\Bio.DOA\Bio.Helpers.DOA.csproj", "{DF3836D7-B3A7-4C1D-B376-96FE6848F7AD}"
EndProject
Project("{FAE04EC0-301F-11D3-BF4B-00C04F79EFBC}") = "Newtonsoft.Json", "Bio.Helpers\Newtonsoft.Json\Newtonsoft.Json.csproj", "{A9AE40FF-1A21-414A-9FE7-3BE13644CC6D}"
EndProject
Project("{FAE04EC0-301F-11D3-BF4B-00C04F79EFBC}") = "Bio.Helpers.XLFRpt2.Engine", "Bio.Helpers\Bio.XLFRpt2\Bio.XLFRpt2.Engine\Bio.Helpers.XLFRpt2.Engine.csproj", "{08D297CB-A0B5-4CE9-BE47-BD03C7FF8F20}"
EndProject
Project("{FAE04EC0-301F-11D3-BF4B-00C04F79EFBC}") = "Bio.Helpers.XLFRpt2.Test", "Bio.Helpers\Bio.XLFRpt2\Bio.XLFRpt2.Test\Bio.Helpers.XLFRpt2.Test.csproj", "{66F21BED-79C0-4C42-BBD6-7B57C9C1A863}"
EndProject
Project("{2150E333-8FDC-42A3-9474-1A3956D46DE8}") = "XLFRpt2", "XLFRpt2", "{EBD3AA82-3017-48A9-BC74-16DB422CEED1}"
EndProject
Project("{FAE04EC0-301F-11D3-BF4B-00C04F79EFBC}") = "Bio.Helpers.XLFRpt2.Srvc", "Bio.Helpers\Bio.XLFRpt2\Bio.XLFRpt2.Srvc\Bio.Helpers.XLFRpt2.Srvc.csproj", "{AD55D199-BC11-4A59-911C-2A12D50B03A2}"
EndProject
Project("{FAE04EC0-301F-11D3-BF4B-00C04F79EFBC}") = "Bio.Helpers.XLFRpt2.Ipc", "Bio.Helpers\Bio.XLFRpt2\Bio.XLFRpt2.Ipc\Bio.Helpers.XLFRpt2.Ipc.csproj", "{4C670B19-6724-4664-94E4-7727678F5B54}"
EndProject
Project("{FAE04EC0-301F-11D3-BF4B-00C04F79EFBC}") = "Bio.Helpers.XLFRpt2.DefaultDataFactory", "Bio.Helpers\Bio.XLFRpt2\Bio.XLFRpt2.DefaultDataFactory\Bio.Helpers.XLFRpt2.DefaultDataFactory.csproj", "{C0106AF9-99F8-456B-8694-CE37A42D72A9}"
EndProject
Project("{FAE04EC0-301F-11D3-BF4B-00C04F79EFBC}") = "Bio.Helpers.XLFRpt2.MSSQLDataFactory", "Bio.Helpers\Bio.XLFRpt2\Bio.XLFRpt2.MSSQLDataFactory\Bio.Helpers.XLFRpt2.MSSQLDataFactory.csproj", "{6686F065-6708-40CC-A6A9-E682604F82E6}"
EndProject
Project("{FAE04EC0-301F-11D3-BF4B-00C04F79EFBC}") = "Bio.Framework.Server.Handler.DS2XL", "Bio.Framework\Server\hndlrs\DS2XL\Bio.Framework.Server.Handler.DS2XL.csproj", "{9C587EF8-62F0-40B8-888F-526C18EDA04E}"
EndProject
Project("{FAE04EC0-301F-11D3-BF4B-00C04F79EFBC}") = "deploy.server.2ekb8", "deploy.server.2ekb8\deploy.server.2ekb8.csproj", "{B5999504-0CD1-4466-B4C1-B2F05EF644D4}"
EndProject
Project("{2150E333-8FDC-42A3-9474-1A3956D46DE8}") = "Server", "Server", "{52695389-DC8A-451E-AC1F-1CA67AFE225B}"
EndProject
Project("{FAE04EC0-301F-11D3-BF4B-00C04F79EFBC}") = "Bio.Framework.Server.Handler.FileSrv", "Bio.Framework\Server\hndlrs\FileSrv\Bio.Framework.Server.Handler.FileSrv.csproj", "{9C8BD43E-864F-4334-BDF3-75E793C21D59}"
EndProject
Project("{FAE04EC0-301F-11D3-BF4B-00C04F79EFBC}") = "Bio.Framework.Server.Handler.DSFetch", "Bio.Framework\Server\hndlrs\DSFetch\Bio.Framework.Server.Handler.DSFetch.csproj", "{48E9DD2F-F45D-47F8-8E61-602117BC05FB}"
EndProject
Global
	GlobalSection(TeamFoundationVersionControl) = preSolution
		SccNumberOfProjects = 27
		SccEnterpriseProvider = {4CA58AB2-18FA-4F8D-95D4-32DDF27D184C}
		SccTeamFoundationServer = http://195.178.201.186:40002/tfs/ekb-2.1
		SccLocalPath0 = .
		SccProjectUniqueName1 = Bio.Framework\\Packets\\Bio.Framework.Packets.csproj
		SccProjectTopLevelParentUniqueName1 = Bio.Srv.sln
		SccProjectName1 = Bio.Framework/Packets
		SccLocalPath1 = Bio.Framework\\Packets
		SccProjectUniqueName2 = Bio.Framework\\Server\\hndlrs\\DS2XL\\Bio.Framework.Server.Handler.DS2XL.csproj
		SccProjectTopLevelParentUniqueName2 = Bio.Srv.sln
		SccProjectName2 = Bio.Framework/Server/hndlrs/DS2XL
		SccLocalPath2 = Bio.Framework\\Server\\hndlrs\\DS2XL
		SccProjectUniqueName3 = Bio.Framework\\Server\\hndlrs\\DStore\\Bio.Framework.Server.Handler.DStore.csproj
		SccProjectTopLevelParentUniqueName3 = Bio.Srv.sln
		SccProjectName3 = Bio.Framework/Server/hndlrs/DStore
		SccLocalPath3 = Bio.Framework\\Server\\hndlrs\\DStore
		SccProjectUniqueName4 = Bio.Framework\\Server\\hndlrs\\LongOp\\Bio.Framework.Server.Handler.LongOp.csproj
		SccProjectTopLevelParentUniqueName4 = Bio.Srv.sln
		SccProjectName4 = Bio.Framework/Server/hndlrs/LongOp
		SccLocalPath4 = Bio.Framework\\Server\\hndlrs\\LongOp
		SccProjectUniqueName5 = Bio.Framework\\Server\\hndlrs\\Pipe\\Bio.Framework.Server.Handler.Pipe.csproj
		SccProjectTopLevelParentUniqueName5 = Bio.Srv.sln
		SccProjectName5 = Bio.Framework/Server/hndlrs/Pipe
		SccLocalPath5 = Bio.Framework\\Server\\hndlrs\\Pipe
		SccProjectUniqueName6 = Bio.Framework\\Server\\hndlrs\\Rpt\\Bio.Framework.Server.Handler.Rpt.csproj
		SccProjectTopLevelParentUniqueName6 = Bio.Srv.sln
		SccProjectName6 = Bio.Framework/Server/hndlrs/Rpt
		SccLocalPath6 = Bio.Framework\\Server\\hndlrs\\Rpt
		SccProjectUniqueName7 = Bio.Framework\\Server\\hndlrs\\SQLR\\Bio.Framework.Server.Handler.SQLR.csproj
		SccProjectTopLevelParentUniqueName7 = Bio.Srv.sln
		SccProjectName7 = Bio.Framework/Server/hndlrs/SQLR
		SccLocalPath7 = Bio.Framework\\Server\\hndlrs\\SQLR
		SccProjectUniqueName8 = Bio.Framework\\Server\\hndlrs\\Template\\Bio.Framework.Server.Handler.Template.csproj
		SccProjectTopLevelParentUniqueName8 = Bio.Srv.sln
		SccProjectName8 = Bio.Framework/Server/hndlrs/Template
		SccLocalPath8 = Bio.Framework\\Server\\hndlrs\\Template
		SccProjectUniqueName9 = Bio.Framework\\Server\\hndlrs\\Tree\\Bio.Framework.Server.Handler.Tree.csproj
		SccProjectTopLevelParentUniqueName9 = Bio.Srv.sln
		SccProjectName9 = Bio.Framework/Server/hndlrs/Tree
		SccLocalPath9 = Bio.Framework\\Server\\hndlrs\\Tree
		SccProjectUniqueName10 = Bio.Framework\\Server\\hndlrs\\WebDB\\Bio.Framework.Server.Handler.WebDB.csproj
		SccProjectTopLevelParentUniqueName10 = Bio.Srv.sln
		SccProjectName10 = Bio.Framework/Server/hndlrs/WebDB
		SccLocalPath10 = Bio.Framework\\Server\\hndlrs\\WebDB
		SccProjectUniqueName11 = Bio.Framework\\Server\\HttpHndlr\\Bio.Framework.Server.HttpHndlr.csproj
		SccProjectTopLevelParentUniqueName11 = Bio.Srv.sln
		SccProjectName11 = Bio.Framework/Server/HttpHndlr
		SccLocalPath11 = Bio.Framework\\Server\\HttpHndlr
		SccProjectUniqueName12 = Bio.Framework\\Server\\JStore\\Bio.Framework.Server.JStore.csproj
		SccProjectTopLevelParentUniqueName12 = Bio.Srv.sln
		SccProjectName12 = Bio.Framework/Server/JStore
		SccLocalPath12 = Bio.Framework\\Server\\JStore
		SccProjectUniqueName13 = Bio.Framework\\Server\\Types\\Bio.Framework.Server.Types.csproj
		SccProjectTopLevelParentUniqueName13 = Bio.Srv.sln
		SccProjectName13 = Bio.Framework/Server/Types
		SccLocalPath13 = Bio.Framework\\Server\\Types
		SccProjectUniqueName14 = Bio.Helpers\\Bio.Common\\Bio.Helpers.Common.csproj
		SccProjectTopLevelParentUniqueName14 = Bio.Srv.sln
		SccProjectName14 = Bio.Helpers/Bio.Common
		SccLocalPath14 = Bio.Helpers\\Bio.Common
		SccProjectUniqueName15 = Bio.Helpers\\Bio.DOA\\Bio.Helpers.DOA.csproj
		SccProjectTopLevelParentUniqueName15 = Bio.Srv.sln
		SccProjectName15 = Bio.Helpers/Bio.DOA
		SccLocalPath15 = Bio.Helpers\\Bio.DOA
		SccProjectUniqueName16 = Bio.Helpers\\Bio.XLFRpt2\\Bio.XLFRpt2.DefaultDataFactory\\Bio.Helpers.XLFRpt2.DefaultDataFactory.csproj
		SccProjectTopLevelParentUniqueName16 = Bio.Srv.sln
		SccProjectName16 = Bio.Helpers/Bio.XLFRpt2/Bio.XLFRpt2.DefaultDataFactory
		SccLocalPath16 = Bio.Helpers\\Bio.XLFRpt2\\Bio.XLFRpt2.DefaultDataFactory
		SccProjectUniqueName17 = Bio.Helpers\\Bio.XLFRpt2\\Bio.XLFRpt2.Engine\\Bio.Helpers.XLFRpt2.Engine.csproj
		SccProjectTopLevelParentUniqueName17 = Bio.Srv.sln
		SccProjectName17 = Bio.Helpers/Bio.XLFRpt2/Bio.XLFRpt2.Engine
		SccLocalPath17 = Bio.Helpers\\Bio.XLFRpt2\\Bio.XLFRpt2.Engine
		SccProjectUniqueName18 = Bio.Helpers\\Bio.XLFRpt2\\Bio.XLFRpt2.Ipc\\Bio.Helpers.XLFRpt2.Ipc.csproj
		SccProjectTopLevelParentUniqueName18 = Bio.Srv.sln
		SccProjectName18 = Bio.Helpers/Bio.XLFRpt2/Bio.XLFRpt2.Ipc
		SccLocalPath18 = Bio.Helpers\\Bio.XLFRpt2\\Bio.XLFRpt2.Ipc
		SccProjectUniqueName19 = Bio.Helpers\\Bio.XLFRpt2\\Bio.XLFRpt2.MSSQLDataFactory\\Bio.Helpers.XLFRpt2.MSSQLDataFactory.csproj
		SccProjectTopLevelParentUniqueName19 = Bio.Srv.sln
		SccProjectName19 = Bio.Helpers/Bio.XLFRpt2/Bio.XLFRpt2.MSSQLDataFactory
		SccLocalPath19 = Bio.Helpers\\Bio.XLFRpt2\\Bio.XLFRpt2.MSSQLDataFactory
		SccProjectUniqueName20 = Bio.Helpers\\Bio.XLFRpt2\\Bio.XLFRpt2.Srvc\\Bio.Helpers.XLFRpt2.Srvc.csproj
		SccProjectTopLevelParentUniqueName20 = Bio.Srv.sln
		SccProjectName20 = Bio.Helpers/Bio.XLFRpt2/Bio.XLFRpt2.Srvc
		SccLocalPath20 = Bio.Helpers\\Bio.XLFRpt2\\Bio.XLFRpt2.Srvc
		SccProjectUniqueName21 = Bio.Helpers\\Bio.XLFRpt2\\Bio.XLFRpt2.Test\\Bio.Helpers.XLFRpt2.Test.csproj
		SccProjectTopLevelParentUniqueName21 = Bio.Srv.sln
		SccProjectName21 = Bio.Helpers/Bio.XLFRpt2/Bio.XLFRpt2.Test
		SccLocalPath21 = Bio.Helpers\\Bio.XLFRpt2\\Bio.XLFRpt2.Test
		SccProjectUniqueName22 = Bio.Helpers\\Newtonsoft.Json\\Newtonsoft.Json.csproj
		SccProjectTopLevelParentUniqueName22 = Bio.Srv.sln
		SccProjectName22 = Bio.Helpers/Newtonsoft.Json
		SccLocalPath22 = Bio.Helpers\\Newtonsoft.Json
		SccProjectUniqueName23 = deploy.server.2ekb8\\deploy.server.2ekb8.csproj
		SccProjectTopLevelParentUniqueName23 = Bio.Srv.sln
		SccProjectName23 = deploy.server.2ekb8
		SccLocalPath23 = deploy.server.2ekb8
		SccProjectUniqueName24 = Bio.Framework\\Server\\hndlrs\\FileSrv\\Bio.Framework.Server.Handler.FileSrv.csproj
		SccProjectTopLevelParentUniqueName24 = Bio.Srv.sln
		SccProjectName24 = Bio.Framework/Server/hndlrs/FileSrv
		SccLocalPath24 = Bio.Framework\\Server\\hndlrs\\FileSrv
		SccProjectUniqueName25 = Bio.Framework\\Server\\LongOp\\Bio.Framework.Server.LongOp.csproj
		SccProjectTopLevelParentUniqueName25 = Bio.Srv.sln
		SccProjectName25 = Bio.Framework/Server/LongOp
		SccLocalPath25 = Bio.Framework\\Server\\LongOp
		SccProjectUniqueName26 = Bio.Framework\\Server\\hndlrs\\DSFetch\\Bio.Framework.Server.Handler.DSFetch.csproj
		SccProjectTopLevelParentUniqueName26 = Bio.Srv.sln
		SccProjectName26 = Bio.Framework/Server/hndlrs/DSFetch
		SccLocalPath26 = Bio.Framework\\Server\\hndlrs\\DSFetch
	EndGlobalSection
	GlobalSection(SolutionConfigurationPlatforms) = preSolution
		Debug|Any CPU = Debug|Any CPU
		Debug|Mixed Platforms = Debug|Mixed Platforms
		Debug|x86 = Debug|x86
		Release|Any CPU = Release|Any CPU
		Release|Mixed Platforms = Release|Mixed Platforms
		Release|x86 = Release|x86
	EndGlobalSection
	GlobalSection(ProjectConfigurationPlatforms) = postSolution
		{8777B6C1-3185-428C-9549-13FB86259786}.Debug|Any CPU.ActiveCfg = Debug|Any CPU
		{8777B6C1-3185-428C-9549-13FB86259786}.Debug|Any CPU.Build.0 = Debug|Any CPU
		{8777B6C1-3185-428C-9549-13FB86259786}.Debug|Mixed Platforms.ActiveCfg = Debug|Any CPU
		{8777B6C1-3185-428C-9549-13FB86259786}.Debug|Mixed Platforms.Build.0 = Debug|Any CPU
		{8777B6C1-3185-428C-9549-13FB86259786}.Debug|x86.ActiveCfg = Debug|Any CPU
		{8777B6C1-3185-428C-9549-13FB86259786}.Release|Any CPU.ActiveCfg = Release|Any CPU
		{8777B6C1-3185-428C-9549-13FB86259786}.Release|Any CPU.Build.0 = Release|Any CPU
		{8777B6C1-3185-428C-9549-13FB86259786}.Release|Mixed Platforms.ActiveCfg = Release|Any CPU
		{8777B6C1-3185-428C-9549-13FB86259786}.Release|Mixed Platforms.Build.0 = Release|Any CPU
		{8777B6C1-3185-428C-9549-13FB86259786}.Release|x86.ActiveCfg = Release|Any CPU
		{430F3A39-DF87-4C63-8682-C399F9222634}.Debug|Any CPU.ActiveCfg = Debug|Any CPU
		{430F3A39-DF87-4C63-8682-C399F9222634}.Debug|Any CPU.Build.0 = Debug|Any CPU
		{430F3A39-DF87-4C63-8682-C399F9222634}.Debug|Mixed Platforms.ActiveCfg = Debug|Any CPU
		{430F3A39-DF87-4C63-8682-C399F9222634}.Debug|Mixed Platforms.Build.0 = Debug|Any CPU
		{430F3A39-DF87-4C63-8682-C399F9222634}.Debug|x86.ActiveCfg = Debug|Any CPU
		{430F3A39-DF87-4C63-8682-C399F9222634}.Release|Any CPU.ActiveCfg = Release|Any CPU
		{430F3A39-DF87-4C63-8682-C399F9222634}.Release|Any CPU.Build.0 = Release|Any CPU
		{430F3A39-DF87-4C63-8682-C399F9222634}.Release|Mixed Platforms.ActiveCfg = Release|Any CPU
		{430F3A39-DF87-4C63-8682-C399F9222634}.Release|Mixed Platforms.Build.0 = Release|Any CPU
		{430F3A39-DF87-4C63-8682-C399F9222634}.Release|x86.ActiveCfg = Release|Any CPU
		{3C9DF0E8-DE0C-44D5-B453-B936CEC306EB}.Debug|Any CPU.ActiveCfg = Debug|Any CPU
		{3C9DF0E8-DE0C-44D5-B453-B936CEC306EB}.Debug|Any CPU.Build.0 = Debug|Any CPU
		{3C9DF0E8-DE0C-44D5-B453-B936CEC306EB}.Debug|Mixed Platforms.ActiveCfg = Debug|Any CPU
		{3C9DF0E8-DE0C-44D5-B453-B936CEC306EB}.Debug|Mixed Platforms.Build.0 = Debug|Any CPU
		{3C9DF0E8-DE0C-44D5-B453-B936CEC306EB}.Debug|x86.ActiveCfg = Debug|Any CPU
		{3C9DF0E8-DE0C-44D5-B453-B936CEC306EB}.Release|Any CPU.ActiveCfg = Release|Any CPU
		{3C9DF0E8-DE0C-44D5-B453-B936CEC306EB}.Release|Any CPU.Build.0 = Release|Any CPU
		{3C9DF0E8-DE0C-44D5-B453-B936CEC306EB}.Release|Mixed Platforms.ActiveCfg = Release|Any CPU
		{3C9DF0E8-DE0C-44D5-B453-B936CEC306EB}.Release|Mixed Platforms.Build.0 = Release|Any CPU
		{3C9DF0E8-DE0C-44D5-B453-B936CEC306EB}.Release|x86.ActiveCfg = Release|Any CPU
		{9353D3DA-5D34-44D8-8994-FE82E64E0517}.Debug|Any CPU.ActiveCfg = Debug|Any CPU
		{9353D3DA-5D34-44D8-8994-FE82E64E0517}.Debug|Any CPU.Build.0 = Debug|Any CPU
		{9353D3DA-5D34-44D8-8994-FE82E64E0517}.Debug|Mixed Platforms.ActiveCfg = Debug|Any CPU
		{9353D3DA-5D34-44D8-8994-FE82E64E0517}.Debug|Mixed Platforms.Build.0 = Debug|Any CPU
		{9353D3DA-5D34-44D8-8994-FE82E64E0517}.Debug|x86.ActiveCfg = Debug|Any CPU
		{9353D3DA-5D34-44D8-8994-FE82E64E0517}.Release|Any CPU.ActiveCfg = Release|Any CPU
		{9353D3DA-5D34-44D8-8994-FE82E64E0517}.Release|Any CPU.Build.0 = Release|Any CPU
		{9353D3DA-5D34-44D8-8994-FE82E64E0517}.Release|Mixed Platforms.ActiveCfg = Release|Any CPU
		{9353D3DA-5D34-44D8-8994-FE82E64E0517}.Release|Mixed Platforms.Build.0 = Release|Any CPU
		{9353D3DA-5D34-44D8-8994-FE82E64E0517}.Release|x86.ActiveCfg = Release|Any CPU
		{9696C3BB-995A-4F7B-8C23-FB40CECCD08A}.Debug|Any CPU.ActiveCfg = Debug|Any CPU
		{9696C3BB-995A-4F7B-8C23-FB40CECCD08A}.Debug|Any CPU.Build.0 = Debug|Any CPU
		{9696C3BB-995A-4F7B-8C23-FB40CECCD08A}.Debug|Mixed Platforms.ActiveCfg = Debug|Any CPU
		{9696C3BB-995A-4F7B-8C23-FB40CECCD08A}.Debug|Mixed Platforms.Build.0 = Debug|Any CPU
		{9696C3BB-995A-4F7B-8C23-FB40CECCD08A}.Debug|x86.ActiveCfg = Debug|Any CPU
		{9696C3BB-995A-4F7B-8C23-FB40CECCD08A}.Release|Any CPU.ActiveCfg = Release|Any CPU
		{9696C3BB-995A-4F7B-8C23-FB40CECCD08A}.Release|Any CPU.Build.0 = Release|Any CPU
		{9696C3BB-995A-4F7B-8C23-FB40CECCD08A}.Release|Mixed Platforms.ActiveCfg = Release|Any CPU
		{9696C3BB-995A-4F7B-8C23-FB40CECCD08A}.Release|Mixed Platforms.Build.0 = Release|Any CPU
		{9696C3BB-995A-4F7B-8C23-FB40CECCD08A}.Release|x86.ActiveCfg = Release|Any CPU
		{62F35705-9CB5-46C2-97CE-69084EA8C1B0}.Debug|Any CPU.ActiveCfg = Debug|Any CPU
		{62F35705-9CB5-46C2-97CE-69084EA8C1B0}.Debug|Any CPU.Build.0 = Debug|Any CPU
		{62F35705-9CB5-46C2-97CE-69084EA8C1B0}.Debug|Mixed Platforms.ActiveCfg = Debug|Any CPU
		{62F35705-9CB5-46C2-97CE-69084EA8C1B0}.Debug|Mixed Platforms.Build.0 = Debug|Any CPU
		{62F35705-9CB5-46C2-97CE-69084EA8C1B0}.Debug|x86.ActiveCfg = Debug|Any CPU
		{62F35705-9CB5-46C2-97CE-69084EA8C1B0}.Release|Any CPU.ActiveCfg = Release|Any CPU
		{62F35705-9CB5-46C2-97CE-69084EA8C1B0}.Release|Any CPU.Build.0 = Release|Any CPU
		{62F35705-9CB5-46C2-97CE-69084EA8C1B0}.Release|Mixed Platforms.ActiveCfg = Release|Any CPU
		{62F35705-9CB5-46C2-97CE-69084EA8C1B0}.Release|Mixed Platforms.Build.0 = Release|Any CPU
		{62F35705-9CB5-46C2-97CE-69084EA8C1B0}.Release|x86.ActiveCfg = Release|Any CPU
		{830A0136-3718-411F-A569-5F6A9F47E2B7}.Debug|Any CPU.ActiveCfg = Debug|Any CPU
		{830A0136-3718-411F-A569-5F6A9F47E2B7}.Debug|Any CPU.Build.0 = Debug|Any CPU
		{830A0136-3718-411F-A569-5F6A9F47E2B7}.Debug|Mixed Platforms.ActiveCfg = Debug|Any CPU
		{830A0136-3718-411F-A569-5F6A9F47E2B7}.Debug|Mixed Platforms.Build.0 = Debug|Any CPU
		{830A0136-3718-411F-A569-5F6A9F47E2B7}.Debug|x86.ActiveCfg = Debug|Any CPU
		{830A0136-3718-411F-A569-5F6A9F47E2B7}.Release|Any CPU.ActiveCfg = Release|Any CPU
		{830A0136-3718-411F-A569-5F6A9F47E2B7}.Release|Any CPU.Build.0 = Release|Any CPU
		{830A0136-3718-411F-A569-5F6A9F47E2B7}.Release|Mixed Platforms.ActiveCfg = Release|Any CPU
		{830A0136-3718-411F-A569-5F6A9F47E2B7}.Release|Mixed Platforms.Build.0 = Release|Any CPU
		{830A0136-3718-411F-A569-5F6A9F47E2B7}.Release|x86.ActiveCfg = Release|Any CPU
		{744B8CA4-F3D2-47CF-BDFB-999D350FF16B}.Debug|Any CPU.ActiveCfg = Debug|Any CPU
		{744B8CA4-F3D2-47CF-BDFB-999D350FF16B}.Debug|Any CPU.Build.0 = Debug|Any CPU
		{744B8CA4-F3D2-47CF-BDFB-999D350FF16B}.Debug|Mixed Platforms.ActiveCfg = Debug|Any CPU
		{744B8CA4-F3D2-47CF-BDFB-999D350FF16B}.Debug|Mixed Platforms.Build.0 = Debug|Any CPU
		{744B8CA4-F3D2-47CF-BDFB-999D350FF16B}.Debug|x86.ActiveCfg = Debug|Any CPU
		{744B8CA4-F3D2-47CF-BDFB-999D350FF16B}.Release|Any CPU.ActiveCfg = Release|Any CPU
		{744B8CA4-F3D2-47CF-BDFB-999D350FF16B}.Release|Any CPU.Build.0 = Release|Any CPU
		{744B8CA4-F3D2-47CF-BDFB-999D350FF16B}.Release|Mixed Platforms.ActiveCfg = Release|Any CPU
		{744B8CA4-F3D2-47CF-BDFB-999D350FF16B}.Release|Mixed Platforms.Build.0 = Release|Any CPU
		{744B8CA4-F3D2-47CF-BDFB-999D350FF16B}.Release|x86.ActiveCfg = Release|Any CPU
		{17E84FAA-9D11-4DF6-A896-91F31C02DD4E}.Debug|Any CPU.ActiveCfg = Debug|Any CPU
		{17E84FAA-9D11-4DF6-A896-91F31C02DD4E}.Debug|Any CPU.Build.0 = Debug|Any CPU
		{17E84FAA-9D11-4DF6-A896-91F31C02DD4E}.Debug|Mixed Platforms.ActiveCfg = Debug|Any CPU
		{17E84FAA-9D11-4DF6-A896-91F31C02DD4E}.Debug|Mixed Platforms.Build.0 = Debug|Any CPU
		{17E84FAA-9D11-4DF6-A896-91F31C02DD4E}.Debug|x86.ActiveCfg = Debug|Any CPU
		{17E84FAA-9D11-4DF6-A896-91F31C02DD4E}.Release|Any CPU.ActiveCfg = Release|Any CPU
		{17E84FAA-9D11-4DF6-A896-91F31C02DD4E}.Release|Any CPU.Build.0 = Release|Any CPU
		{17E84FAA-9D11-4DF6-A896-91F31C02DD4E}.Release|Mixed Platforms.ActiveCfg = Release|Any CPU
		{17E84FAA-9D11-4DF6-A896-91F31C02DD4E}.Release|Mixed Platforms.Build.0 = Release|Any CPU
		{17E84FAA-9D11-4DF6-A896-91F31C02DD4E}.Release|x86.ActiveCfg = Release|Any CPU
		{E7AA1240-8C4C-4AFF-BA6F-7AC536945FB0}.Debug|Any CPU.ActiveCfg = Debug|Any CPU
		{E7AA1240-8C4C-4AFF-BA6F-7AC536945FB0}.Debug|Any CPU.Build.0 = Debug|Any CPU
		{E7AA1240-8C4C-4AFF-BA6F-7AC536945FB0}.Debug|Mixed Platforms.ActiveCfg = Debug|Any CPU
		{E7AA1240-8C4C-4AFF-BA6F-7AC536945FB0}.Debug|Mixed Platforms.Build.0 = Debug|Any CPU
		{E7AA1240-8C4C-4AFF-BA6F-7AC536945FB0}.Debug|x86.ActiveCfg = Debug|Any CPU
		{E7AA1240-8C4C-4AFF-BA6F-7AC536945FB0}.Release|Any CPU.ActiveCfg = Release|Any CPU
		{E7AA1240-8C4C-4AFF-BA6F-7AC536945FB0}.Release|Any CPU.Build.0 = Release|Any CPU
		{E7AA1240-8C4C-4AFF-BA6F-7AC536945FB0}.Release|Mixed Platforms.ActiveCfg = Release|Any CPU
		{E7AA1240-8C4C-4AFF-BA6F-7AC536945FB0}.Release|Mixed Platforms.Build.0 = Release|Any CPU
		{E7AA1240-8C4C-4AFF-BA6F-7AC536945FB0}.Release|x86.ActiveCfg = Release|Any CPU
		{22B82460-9D41-420F-A1F2-FC544205AFCE}.Debug|Any CPU.ActiveCfg = Debug|Any CPU
		{22B82460-9D41-420F-A1F2-FC544205AFCE}.Debug|Any CPU.Build.0 = Debug|Any CPU
		{22B82460-9D41-420F-A1F2-FC544205AFCE}.Debug|Mixed Platforms.ActiveCfg = Debug|Any CPU
		{22B82460-9D41-420F-A1F2-FC544205AFCE}.Debug|Mixed Platforms.Build.0 = Debug|Any CPU
		{22B82460-9D41-420F-A1F2-FC544205AFCE}.Debug|x86.ActiveCfg = Debug|Any CPU
		{22B82460-9D41-420F-A1F2-FC544205AFCE}.Release|Any CPU.ActiveCfg = Release|Any CPU
		{22B82460-9D41-420F-A1F2-FC544205AFCE}.Release|Any CPU.Build.0 = Release|Any CPU
		{22B82460-9D41-420F-A1F2-FC544205AFCE}.Release|Mixed Platforms.ActiveCfg = Release|Any CPU
		{22B82460-9D41-420F-A1F2-FC544205AFCE}.Release|Mixed Platforms.Build.0 = Release|Any CPU
		{22B82460-9D41-420F-A1F2-FC544205AFCE}.Release|x86.ActiveCfg = Release|Any CPU
		{9853805B-3012-46D8-A75D-61DB8A1856C7}.Debug|Any CPU.ActiveCfg = Debug|Any CPU
		{9853805B-3012-46D8-A75D-61DB8A1856C7}.Debug|Any CPU.Build.0 = Debug|Any CPU
		{9853805B-3012-46D8-A75D-61DB8A1856C7}.Debug|Mixed Platforms.ActiveCfg = Debug|Any CPU
		{9853805B-3012-46D8-A75D-61DB8A1856C7}.Debug|Mixed Platforms.Build.0 = Debug|Any CPU
		{9853805B-3012-46D8-A75D-61DB8A1856C7}.Debug|x86.ActiveCfg = Debug|Any CPU
		{9853805B-3012-46D8-A75D-61DB8A1856C7}.Release|Any CPU.ActiveCfg = Release|Any CPU
		{9853805B-3012-46D8-A75D-61DB8A1856C7}.Release|Any CPU.Build.0 = Release|Any CPU
		{9853805B-3012-46D8-A75D-61DB8A1856C7}.Release|Mixed Platforms.ActiveCfg = Release|Any CPU
		{9853805B-3012-46D8-A75D-61DB8A1856C7}.Release|Mixed Platforms.Build.0 = Release|Any CPU
		{9853805B-3012-46D8-A75D-61DB8A1856C7}.Release|x86.ActiveCfg = Release|Any CPU
		{A8F6D3FC-7A93-496A-BD06-A1B9789E83F9}.Debug|Any CPU.ActiveCfg = Debug|Any CPU
		{A8F6D3FC-7A93-496A-BD06-A1B9789E83F9}.Debug|Any CPU.Build.0 = Debug|Any CPU
		{A8F6D3FC-7A93-496A-BD06-A1B9789E83F9}.Debug|Mixed Platforms.ActiveCfg = Debug|Any CPU
		{A8F6D3FC-7A93-496A-BD06-A1B9789E83F9}.Debug|Mixed Platforms.Build.0 = Debug|Any CPU
		{A8F6D3FC-7A93-496A-BD06-A1B9789E83F9}.Debug|x86.ActiveCfg = Debug|Any CPU
		{A8F6D3FC-7A93-496A-BD06-A1B9789E83F9}.Release|Any CPU.ActiveCfg = Release|Any CPU
		{A8F6D3FC-7A93-496A-BD06-A1B9789E83F9}.Release|Any CPU.Build.0 = Release|Any CPU
		{A8F6D3FC-7A93-496A-BD06-A1B9789E83F9}.Release|Mixed Platforms.ActiveCfg = Release|Any CPU
		{A8F6D3FC-7A93-496A-BD06-A1B9789E83F9}.Release|Mixed Platforms.Build.0 = Release|Any CPU
		{A8F6D3FC-7A93-496A-BD06-A1B9789E83F9}.Release|x86.ActiveCfg = Release|Any CPU
		{177BFF45-E55C-4BC3-BCA9-7E0A5725969C}.Debug|Any CPU.ActiveCfg = Debug|Any CPU
		{177BFF45-E55C-4BC3-BCA9-7E0A5725969C}.Debug|Any CPU.Build.0 = Debug|Any CPU
		{177BFF45-E55C-4BC3-BCA9-7E0A5725969C}.Debug|Mixed Platforms.ActiveCfg = Debug|Any CPU
		{177BFF45-E55C-4BC3-BCA9-7E0A5725969C}.Debug|Mixed Platforms.Build.0 = Debug|Any CPU
		{177BFF45-E55C-4BC3-BCA9-7E0A5725969C}.Debug|x86.ActiveCfg = Debug|Any CPU
		{177BFF45-E55C-4BC3-BCA9-7E0A5725969C}.Release|Any CPU.ActiveCfg = Release|Any CPU
		{177BFF45-E55C-4BC3-BCA9-7E0A5725969C}.Release|Any CPU.Build.0 = Release|Any CPU
		{177BFF45-E55C-4BC3-BCA9-7E0A5725969C}.Release|Mixed Platforms.ActiveCfg = Release|Any CPU
		{177BFF45-E55C-4BC3-BCA9-7E0A5725969C}.Release|Mixed Platforms.Build.0 = Release|Any CPU
		{177BFF45-E55C-4BC3-BCA9-7E0A5725969C}.Release|x86.ActiveCfg = Release|Any CPU
		{DF3836D7-B3A7-4C1D-B376-96FE6848F7AD}.Debug|Any CPU.ActiveCfg = Debug|Any CPU
		{DF3836D7-B3A7-4C1D-B376-96FE6848F7AD}.Debug|Any CPU.Build.0 = Debug|Any CPU
		{DF3836D7-B3A7-4C1D-B376-96FE6848F7AD}.Debug|Mixed Platforms.ActiveCfg = Debug|Any CPU
		{DF3836D7-B3A7-4C1D-B376-96FE6848F7AD}.Debug|Mixed Platforms.Build.0 = Debug|Any CPU
		{DF3836D7-B3A7-4C1D-B376-96FE6848F7AD}.Debug|x86.ActiveCfg = Debug|Any CPU
		{DF3836D7-B3A7-4C1D-B376-96FE6848F7AD}.Release|Any CPU.ActiveCfg = Release|Any CPU
		{DF3836D7-B3A7-4C1D-B376-96FE6848F7AD}.Release|Any CPU.Build.0 = Release|Any CPU
		{DF3836D7-B3A7-4C1D-B376-96FE6848F7AD}.Release|Mixed Platforms.ActiveCfg = Release|Any CPU
		{DF3836D7-B3A7-4C1D-B376-96FE6848F7AD}.Release|Mixed Platforms.Build.0 = Release|Any CPU
		{DF3836D7-B3A7-4C1D-B376-96FE6848F7AD}.Release|x86.ActiveCfg = Release|Any CPU
		{A9AE40FF-1A21-414A-9FE7-3BE13644CC6D}.Debug|Any CPU.ActiveCfg = Debug|Any CPU
		{A9AE40FF-1A21-414A-9FE7-3BE13644CC6D}.Debug|Any CPU.Build.0 = Debug|Any CPU
		{A9AE40FF-1A21-414A-9FE7-3BE13644CC6D}.Debug|Mixed Platforms.ActiveCfg = Debug|Any CPU
		{A9AE40FF-1A21-414A-9FE7-3BE13644CC6D}.Debug|Mixed Platforms.Build.0 = Debug|Any CPU
		{A9AE40FF-1A21-414A-9FE7-3BE13644CC6D}.Debug|x86.ActiveCfg = Debug|Any CPU
		{A9AE40FF-1A21-414A-9FE7-3BE13644CC6D}.Release|Any CPU.ActiveCfg = Release|Any CPU
		{A9AE40FF-1A21-414A-9FE7-3BE13644CC6D}.Release|Any CPU.Build.0 = Release|Any CPU
		{A9AE40FF-1A21-414A-9FE7-3BE13644CC6D}.Release|Mixed Platforms.ActiveCfg = Release|Any CPU
		{A9AE40FF-1A21-414A-9FE7-3BE13644CC6D}.Release|Mixed Platforms.Build.0 = Release|Any CPU
		{A9AE40FF-1A21-414A-9FE7-3BE13644CC6D}.Release|x86.ActiveCfg = Release|Any CPU
		{08D297CB-A0B5-4CE9-BE47-BD03C7FF8F20}.Debug|Any CPU.ActiveCfg = Debug|Any CPU
		{08D297CB-A0B5-4CE9-BE47-BD03C7FF8F20}.Debug|Any CPU.Build.0 = Debug|Any CPU
		{08D297CB-A0B5-4CE9-BE47-BD03C7FF8F20}.Debug|Mixed Platforms.ActiveCfg = Debug|Any CPU
		{08D297CB-A0B5-4CE9-BE47-BD03C7FF8F20}.Debug|Mixed Platforms.Build.0 = Debug|Any CPU
		{08D297CB-A0B5-4CE9-BE47-BD03C7FF8F20}.Debug|x86.ActiveCfg = Debug|Any CPU
		{08D297CB-A0B5-4CE9-BE47-BD03C7FF8F20}.Release|Any CPU.ActiveCfg = Release|Any CPU
		{08D297CB-A0B5-4CE9-BE47-BD03C7FF8F20}.Release|Any CPU.Build.0 = Release|Any CPU
		{08D297CB-A0B5-4CE9-BE47-BD03C7FF8F20}.Release|Mixed Platforms.ActiveCfg = Release|Any CPU
		{08D297CB-A0B5-4CE9-BE47-BD03C7FF8F20}.Release|Mixed Platforms.Build.0 = Release|Any CPU
		{08D297CB-A0B5-4CE9-BE47-BD03C7FF8F20}.Release|x86.ActiveCfg = Release|Any CPU
		{66F21BED-79C0-4C42-BBD6-7B57C9C1A863}.Debug|Any CPU.ActiveCfg = Debug|x86
		{66F21BED-79C0-4C42-BBD6-7B57C9C1A863}.Debug|Mixed Platforms.ActiveCfg = Debug|x86
		{66F21BED-79C0-4C42-BBD6-7B57C9C1A863}.Debug|Mixed Platforms.Build.0 = Debug|x86
		{66F21BED-79C0-4C42-BBD6-7B57C9C1A863}.Debug|x86.ActiveCfg = Debug|x86
		{66F21BED-79C0-4C42-BBD6-7B57C9C1A863}.Debug|x86.Build.0 = Debug|x86
		{66F21BED-79C0-4C42-BBD6-7B57C9C1A863}.Release|Any CPU.ActiveCfg = Release|x86
		{66F21BED-79C0-4C42-BBD6-7B57C9C1A863}.Release|Mixed Platforms.ActiveCfg = Release|x86
		{66F21BED-79C0-4C42-BBD6-7B57C9C1A863}.Release|Mixed Platforms.Build.0 = Release|x86
		{66F21BED-79C0-4C42-BBD6-7B57C9C1A863}.Release|x86.ActiveCfg = Release|x86
		{66F21BED-79C0-4C42-BBD6-7B57C9C1A863}.Release|x86.Build.0 = Release|x86
		{AD55D199-BC11-4A59-911C-2A12D50B03A2}.Debug|Any CPU.ActiveCfg = Debug|Any CPU
		{AD55D199-BC11-4A59-911C-2A12D50B03A2}.Debug|Any CPU.Build.0 = Debug|Any CPU
		{AD55D199-BC11-4A59-911C-2A12D50B03A2}.Debug|Mixed Platforms.ActiveCfg = Debug|Any CPU
		{AD55D199-BC11-4A59-911C-2A12D50B03A2}.Debug|Mixed Platforms.Build.0 = Debug|Any CPU
		{AD55D199-BC11-4A59-911C-2A12D50B03A2}.Debug|x86.ActiveCfg = Debug|Any CPU
		{AD55D199-BC11-4A59-911C-2A12D50B03A2}.Release|Any CPU.ActiveCfg = Release|Any CPU
		{AD55D199-BC11-4A59-911C-2A12D50B03A2}.Release|Any CPU.Build.0 = Release|Any CPU
		{AD55D199-BC11-4A59-911C-2A12D50B03A2}.Release|Mixed Platforms.ActiveCfg = Release|Any CPU
		{AD55D199-BC11-4A59-911C-2A12D50B03A2}.Release|Mixed Platforms.Build.0 = Release|Any CPU
		{AD55D199-BC11-4A59-911C-2A12D50B03A2}.Release|x86.ActiveCfg = Release|Any CPU
		{4C670B19-6724-4664-94E4-7727678F5B54}.Debug|Any CPU.ActiveCfg = Debug|Any CPU
		{4C670B19-6724-4664-94E4-7727678F5B54}.Debug|Any CPU.Build.0 = Debug|Any CPU
		{4C670B19-6724-4664-94E4-7727678F5B54}.Debug|Mixed Platforms.ActiveCfg = Debug|Any CPU
		{4C670B19-6724-4664-94E4-7727678F5B54}.Debug|Mixed Platforms.Build.0 = Debug|Any CPU
		{4C670B19-6724-4664-94E4-7727678F5B54}.Debug|x86.ActiveCfg = Debug|Any CPU
		{4C670B19-6724-4664-94E4-7727678F5B54}.Release|Any CPU.ActiveCfg = Release|Any CPU
		{4C670B19-6724-4664-94E4-7727678F5B54}.Release|Any CPU.Build.0 = Release|Any CPU
		{4C670B19-6724-4664-94E4-7727678F5B54}.Release|Mixed Platforms.ActiveCfg = Release|Any CPU
		{4C670B19-6724-4664-94E4-7727678F5B54}.Release|Mixed Platforms.Build.0 = Release|Any CPU
		{4C670B19-6724-4664-94E4-7727678F5B54}.Release|x86.ActiveCfg = Release|Any CPU
		{C0106AF9-99F8-456B-8694-CE37A42D72A9}.Debug|Any CPU.ActiveCfg = Debug|Any CPU
		{C0106AF9-99F8-456B-8694-CE37A42D72A9}.Debug|Any CPU.Build.0 = Debug|Any CPU
		{C0106AF9-99F8-456B-8694-CE37A42D72A9}.Debug|Mixed Platforms.ActiveCfg = Debug|Any CPU
		{C0106AF9-99F8-456B-8694-CE37A42D72A9}.Debug|Mixed Platforms.Build.0 = Debug|Any CPU
		{C0106AF9-99F8-456B-8694-CE37A42D72A9}.Debug|x86.ActiveCfg = Debug|Any CPU
		{C0106AF9-99F8-456B-8694-CE37A42D72A9}.Release|Any CPU.ActiveCfg = Release|Any CPU
		{C0106AF9-99F8-456B-8694-CE37A42D72A9}.Release|Any CPU.Build.0 = Release|Any CPU
		{C0106AF9-99F8-456B-8694-CE37A42D72A9}.Release|Mixed Platforms.ActiveCfg = Release|Any CPU
		{C0106AF9-99F8-456B-8694-CE37A42D72A9}.Release|Mixed Platforms.Build.0 = Release|Any CPU
		{C0106AF9-99F8-456B-8694-CE37A42D72A9}.Release|x86.ActiveCfg = Release|Any CPU
		{6686F065-6708-40CC-A6A9-E682604F82E6}.Debug|Any CPU.ActiveCfg = Debug|Any CPU
		{6686F065-6708-40CC-A6A9-E682604F82E6}.Debug|Any CPU.Build.0 = Debug|Any CPU
		{6686F065-6708-40CC-A6A9-E682604F82E6}.Debug|Mixed Platforms.ActiveCfg = Debug|Any CPU
		{6686F065-6708-40CC-A6A9-E682604F82E6}.Debug|Mixed Platforms.Build.0 = Debug|Any CPU
		{6686F065-6708-40CC-A6A9-E682604F82E6}.Debug|x86.ActiveCfg = Debug|Any CPU
		{6686F065-6708-40CC-A6A9-E682604F82E6}.Release|Any CPU.ActiveCfg = Release|Any CPU
		{6686F065-6708-40CC-A6A9-E682604F82E6}.Release|Any CPU.Build.0 = Release|Any CPU
		{6686F065-6708-40CC-A6A9-E682604F82E6}.Release|Mixed Platforms.ActiveCfg = Release|Any CPU
		{6686F065-6708-40CC-A6A9-E682604F82E6}.Release|Mixed Platforms.Build.0 = Release|Any CPU
		{6686F065-6708-40CC-A6A9-E682604F82E6}.Release|x86.ActiveCfg = Release|Any CPU
		{9C587EF8-62F0-40B8-888F-526C18EDA04E}.Debug|Any CPU.ActiveCfg = Debug|Any CPU
		{9C587EF8-62F0-40B8-888F-526C18EDA04E}.Debug|Any CPU.Build.0 = Debug|Any CPU
		{9C587EF8-62F0-40B8-888F-526C18EDA04E}.Debug|Mixed Platforms.ActiveCfg = Debug|Any CPU
		{9C587EF8-62F0-40B8-888F-526C18EDA04E}.Debug|Mixed Platforms.Build.0 = Debug|Any CPU
		{9C587EF8-62F0-40B8-888F-526C18EDA04E}.Debug|x86.ActiveCfg = Debug|Any CPU
		{9C587EF8-62F0-40B8-888F-526C18EDA04E}.Release|Any CPU.ActiveCfg = Release|Any CPU
		{9C587EF8-62F0-40B8-888F-526C18EDA04E}.Release|Any CPU.Build.0 = Release|Any CPU
		{9C587EF8-62F0-40B8-888F-526C18EDA04E}.Release|Mixed Platforms.ActiveCfg = Release|Any CPU
		{9C587EF8-62F0-40B8-888F-526C18EDA04E}.Release|Mixed Platforms.Build.0 = Release|Any CPU
		{9C587EF8-62F0-40B8-888F-526C18EDA04E}.Release|x86.ActiveCfg = Release|Any CPU
		{B5999504-0CD1-4466-B4C1-B2F05EF644D4}.Debug|Any CPU.ActiveCfg = Debug|Any CPU
		{B5999504-0CD1-4466-B4C1-B2F05EF644D4}.Debug|Any CPU.Build.0 = Debug|Any CPU
		{B5999504-0CD1-4466-B4C1-B2F05EF644D4}.Debug|Mixed Platforms.ActiveCfg = Debug|Any CPU
		{B5999504-0CD1-4466-B4C1-B2F05EF644D4}.Debug|Mixed Platforms.Build.0 = Debug|Any CPU
		{B5999504-0CD1-4466-B4C1-B2F05EF644D4}.Debug|x86.ActiveCfg = Debug|Any CPU
		{B5999504-0CD1-4466-B4C1-B2F05EF644D4}.Release|Any CPU.ActiveCfg = Release|Any CPU
		{B5999504-0CD1-4466-B4C1-B2F05EF644D4}.Release|Any CPU.Build.0 = Release|Any CPU
		{B5999504-0CD1-4466-B4C1-B2F05EF644D4}.Release|Mixed Platforms.ActiveCfg = Release|Any CPU
		{B5999504-0CD1-4466-B4C1-B2F05EF644D4}.Release|Mixed Platforms.Build.0 = Release|Any CPU
		{B5999504-0CD1-4466-B4C1-B2F05EF644D4}.Release|x86.ActiveCfg = Release|Any CPU
		{9C8BD43E-864F-4334-BDF3-75E793C21D59}.Debug|Any CPU.ActiveCfg = Debug|Any CPU
		{9C8BD43E-864F-4334-BDF3-75E793C21D59}.Debug|Any CPU.Build.0 = Debug|Any CPU
		{9C8BD43E-864F-4334-BDF3-75E793C21D59}.Debug|Mixed Platforms.ActiveCfg = Debug|Any CPU
		{9C8BD43E-864F-4334-BDF3-75E793C21D59}.Debug|Mixed Platforms.Build.0 = Debug|Any CPU
		{9C8BD43E-864F-4334-BDF3-75E793C21D59}.Debug|x86.ActiveCfg = Debug|Any CPU
		{9C8BD43E-864F-4334-BDF3-75E793C21D59}.Release|Any CPU.ActiveCfg = Release|Any CPU
		{9C8BD43E-864F-4334-BDF3-75E793C21D59}.Release|Any CPU.Build.0 = Release|Any CPU
		{9C8BD43E-864F-4334-BDF3-75E793C21D59}.Release|Mixed Platforms.ActiveCfg = Release|Any CPU
		{9C8BD43E-864F-4334-BDF3-75E793C21D59}.Release|Mixed Platforms.Build.0 = Release|Any CPU
		{9C8BD43E-864F-4334-BDF3-75E793C21D59}.Release|x86.ActiveCfg = Release|Any CPU
		{48E9DD2F-F45D-47F8-8E61-602117BC05FB}.Debug|Any CPU.ActiveCfg = Debug|Any CPU
		{48E9DD2F-F45D-47F8-8E61-602117BC05FB}.Debug|Any CPU.Build.0 = Debug|Any CPU
		{48E9DD2F-F45D-47F8-8E61-602117BC05FB}.Debug|Mixed Platforms.ActiveCfg = Debug|Any CPU
		{48E9DD2F-F45D-47F8-8E61-602117BC05FB}.Debug|Mixed Platforms.Build.0 = Debug|Any CPU
		{48E9DD2F-F45D-47F8-8E61-602117BC05FB}.Debug|x86.ActiveCfg = Debug|Any CPU
		{48E9DD2F-F45D-47F8-8E61-602117BC05FB}.Release|Any CPU.ActiveCfg = Release|Any CPU
		{48E9DD2F-F45D-47F8-8E61-602117BC05FB}.Release|Any CPU.Build.0 = Release|Any CPU
		{48E9DD2F-F45D-47F8-8E61-602117BC05FB}.Release|Mixed Platforms.ActiveCfg = Release|Any CPU
		{48E9DD2F-F45D-47F8-8E61-602117BC05FB}.Release|Mixed Platforms.Build.0 = Release|Any CPU
		{48E9DD2F-F45D-47F8-8E61-602117BC05FB}.Release|x86.ActiveCfg = Release|Any CPU
	EndGlobalSection
	GlobalSection(SolutionProperties) = preSolution
		HideSolutionNode = FALSE
	EndGlobalSection
	GlobalSection(NestedProjects) = preSolution
		{430F3A39-DF87-4C63-8682-C399F9222634} = {52695389-DC8A-451E-AC1F-1CA67AFE225B}
		{3C9DF0E8-DE0C-44D5-B453-B936CEC306EB} = {52695389-DC8A-451E-AC1F-1CA67AFE225B}
		{9353D3DA-5D34-44D8-8994-FE82E64E0517} = {52695389-DC8A-451E-AC1F-1CA67AFE225B}
		{9696C3BB-995A-4F7B-8C23-FB40CECCD08A} = {52695389-DC8A-451E-AC1F-1CA67AFE225B}
		{16D8846D-50CD-4FA1-8BF1-5A016670A941} = {52695389-DC8A-451E-AC1F-1CA67AFE225B}
		{92DCDCAB-D6E1-4D90-A9BA-3149E385CFD6} = {52695389-DC8A-451E-AC1F-1CA67AFE225B}
		{B5999504-0CD1-4466-B4C1-B2F05EF644D4} = {52695389-DC8A-451E-AC1F-1CA67AFE225B}
		{8777B6C1-3185-428C-9549-13FB86259786} = {52695389-DC8A-451E-AC1F-1CA67AFE225B}
		{62F35705-9CB5-46C2-97CE-69084EA8C1B0} = {16D8846D-50CD-4FA1-8BF1-5A016670A941}
		{830A0136-3718-411F-A569-5F6A9F47E2B7} = {16D8846D-50CD-4FA1-8BF1-5A016670A941}
		{744B8CA4-F3D2-47CF-BDFB-999D350FF16B} = {16D8846D-50CD-4FA1-8BF1-5A016670A941}
		{17E84FAA-9D11-4DF6-A896-91F31C02DD4E} = {16D8846D-50CD-4FA1-8BF1-5A016670A941}
		{E7AA1240-8C4C-4AFF-BA6F-7AC536945FB0} = {16D8846D-50CD-4FA1-8BF1-5A016670A941}
		{22B82460-9D41-420F-A1F2-FC544205AFCE} = {16D8846D-50CD-4FA1-8BF1-5A016670A941}
		{9853805B-3012-46D8-A75D-61DB8A1856C7} = {16D8846D-50CD-4FA1-8BF1-5A016670A941}
		{A8F6D3FC-7A93-496A-BD06-A1B9789E83F9} = {16D8846D-50CD-4FA1-8BF1-5A016670A941}
		{9C587EF8-62F0-40B8-888F-526C18EDA04E} = {16D8846D-50CD-4FA1-8BF1-5A016670A941}
		{9C8BD43E-864F-4334-BDF3-75E793C21D59} = {16D8846D-50CD-4FA1-8BF1-5A016670A941}
		{48E9DD2F-F45D-47F8-8E61-602117BC05FB} = {16D8846D-50CD-4FA1-8BF1-5A016670A941}
		{177BFF45-E55C-4BC3-BCA9-7E0A5725969C} = {92DCDCAB-D6E1-4D90-A9BA-3149E385CFD6}
		{DF3836D7-B3A7-4C1D-B376-96FE6848F7AD} = {92DCDCAB-D6E1-4D90-A9BA-3149E385CFD6}
		{A9AE40FF-1A21-414A-9FE7-3BE13644CC6D} = {92DCDCAB-D6E1-4D90-A9BA-3149E385CFD6}
		{EBD3AA82-3017-48A9-BC74-16DB422CEED1} = {92DCDCAB-D6E1-4D90-A9BA-3149E385CFD6}
		{66F21BED-79C0-4C42-BBD6-7B57C9C1A863} = {EBD3AA82-3017-48A9-BC74-16DB422CEED1}
		{08D297CB-A0B5-4CE9-BE47-BD03C7FF8F20} = {EBD3AA82-3017-48A9-BC74-16DB422CEED1}
		{AD55D199-BC11-4A59-911C-2A12D50B03A2} = {EBD3AA82-3017-48A9-BC74-16DB422CEED1}
		{4C670B19-6724-4664-94E4-7727678F5B54} = {EBD3AA82-3017-48A9-BC74-16DB422CEED1}
		{C0106AF9-99F8-456B-8694-CE37A42D72A9} = {EBD3AA82-3017-48A9-BC74-16DB422CEED1}
		{6686F065-6708-40CC-A6A9-E682604F82E6} = {EBD3AA82-3017-48A9-BC74-16DB422CEED1}
	EndGlobalSection
EndGlobal
